
Microsoft Visual Studio Solution File, Format Version 12.00
# Visual Studio Version 17
VisualStudioVersion = 17.8.34408.163
MinimumVisualStudioVersion = 10.0.40219.1
Project("{FAE04EC0-301F-11D3-BF4B-00C04F79EFBC}") = "c# Assessment", "c# Assessment.csproj", "{CFA08419-2C84-4678-A4B0-6463E2CCAF6E}"
EndProject
Global
	GlobalSection(SolutionConfigurationPlatforms) = preSolution
		Debug|Any CPU = Debug|Any CPU
		Release|Any CPU = Release|Any CPU
	EndGlobalSection
	GlobalSection(ProjectConfigurationPlatforms) = postSolution
		{CFA08419-2C84-4678-A4B0-6463E2CCAF6E}.Debug|Any CPU.ActiveCfg = Debug|Any CPU
		{CFA08419-2C84-4678-A4B0-6463E2CCAF6E}.Debug|Any CPU.Build.0 = Debug|Any CPU
		{CFA08419-2C84-4678-A4B0-6463E2CCAF6E}.Release|Any CPU.ActiveCfg = Release|Any CPU
		{CFA08419-2C84-4678-A4B0-6463E2CCAF6E}.Release|Any CPU.Build.0 = Release|Any CPU
	EndGlobalSection
	GlobalSection(SolutionProperties) = preSolution
		HideSolutionNode = FALSE
	EndGlobalSection
	GlobalSection(ExtensibilityGlobals) = postSolution
		SolutionGuid = {B117F992-9D45-429B-A455-E848800763CB}
	EndGlobalSection
EndGlobal
